
Microsoft Visual Studio Solution File, Format Version 12.00
# Visual Studio Version 16
VisualStudioVersion = 16.0.31112.23
MinimumVisualStudioVersion = 10.0.40219.1
Project("{FAE04EC0-301F-11D3-BF4B-00C04F79EFBC}") = "ConsoleApp1", "ConsoleApp1\ConsoleApp1.csproj", "{5ECFCE21-633B-4A4D-9BD5-32F546A54EE8}"
EndProject
Project("{FAE04EC0-301F-11D3-BF4B-00C04F79EFBC}") = "ConsoleApp2", "ConsoleApp2\ConsoleApp2.csproj", "{FB17AA19-CFFC-4B4F-BC8F-B8CAAB56738B}"
EndProject
Global
	GlobalSection(SolutionConfigurationPlatforms) = preSolution
		Debug|Any CPU = Debug|Any CPU
		Release|Any CPU = Release|Any CPU
	EndGlobalSection
	GlobalSection(ProjectConfigurationPlatforms) = postSolution
		{5ECFCE21-633B-4A4D-9BD5-32F546A54EE8}.Debug|Any CPU.ActiveCfg = Debug|Any CPU
		{5ECFCE21-633B-4A4D-9BD5-32F546A54EE8}.Debug|Any CPU.Build.0 = Debug|Any CPU
		{5ECFCE21-633B-4A4D-9BD5-32F546A54EE8}.Release|Any CPU.ActiveCfg = Release|Any CPU
		{5ECFCE21-633B-4A4D-9BD5-32F546A54EE8}.Release|Any CPU.Build.0 = Release|Any CPU
		{FB17AA19-CFFC-4B4F-BC8F-B8CAAB56738B}.Debug|Any CPU.ActiveCfg = Debug|Any CPU
		{FB17AA19-CFFC-4B4F-BC8F-B8CAAB56738B}.Debug|Any CPU.Build.0 = Debug|Any CPU
		{FB17AA19-CFFC-4B4F-BC8F-B8CAAB56738B}.Release|Any CPU.ActiveCfg = Release|Any CPU
		{FB17AA19-CFFC-4B4F-BC8F-B8CAAB56738B}.Release|Any CPU.Build.0 = Release|Any CPU
	EndGlobalSection
	GlobalSection(SolutionProperties) = preSolution
		HideSolutionNode = FALSE
	EndGlobalSection
	GlobalSection(ExtensibilityGlobals) = postSolution
		SolutionGuid = {AE8B09BC-5121-44E9-A976-1CAF5FB15546}
	EndGlobalSection
EndGlobal
